{
  "requires": true,
  "lockfileVersion": 1,
  "dependencies": {
    "dom-walk": {
      "version": "0.1.1",
      "resolved": "https://registry.npmjs.org/dom-walk/-/dom-walk-0.1.1.tgz",
      "integrity": "sha1-ZyIm3HTI95mtNTB9+TaroRrNYBg="
    },
    "global": {
      "version": "4.3.2",
      "resolved": "https://registry.npmjs.org/global/-/global-4.3.2.tgz",
      "integrity": "sha1-52mJJopsdMOJCLEwWxD8DjlOnQ8=",
      "requires": {
        "min-document": "^2.19.0",
        "process": "~0.5.1"
      }
    },
    "jarallax": {
      "version": "1.10.6",
      "resolved": "https://registry.npmjs.org/jarallax/-/jarallax-1.10.6.tgz",
      "integrity": "sha512-0sp5wFykXNkuZaQerhM5NSehkQHeKIHnbr8UNOPtHA9Cho+XXjLQTv4HHi2FxHHDqA0MLrxYCauF4XCY0IQ9xQ==",
      "requires": {
        "global": "^4.3.2",
        "lite-ready": "^1.0.4",
        "rafl": "^1.2.2",
        "video-worker": "^1.1.5"
      }
    },
    "lite-ready": {
      "version": "1.0.4",
      "resolved": "https://registry.npmjs.org/lite-ready/-/lite-ready-1.0.4.tgz",
      "integrity": "sha1-bf5Q9FpaKEDIfIQGp6vzCIv9JV4="
    },
    "min-document": {
      "version": "2.19.0",
      "resolved": "https://registry.npmjs.org/min-document/-/min-document-2.19.0.tgz",
      "integrity": "sha1-e9KC4/WELtKVu3SM3Z8f+iyCRoU=",
      "requires": {
        "dom-walk": "^0.1.0"
      }
    },
    "process": {
      "version": "0.5.2",
      "resolved": "https://registry.npmjs.org/process/-/process-0.5.2.tgz",
      "integrity": "sha1-FjjYqONML0QKkduVq5rrZ3/Bhc8="
    },
    "rafl": {
      "version": "1.2.2",
      "resolved": "https://registry.npmjs.org/rafl/-/rafl-1.2.2.tgz",
      "integrity": "sha1-/pMPdYIRAg1H44gV9Rlqi+QVB0A=",
      "requires": {
        "global": "~4.3.0"
      }
    },
    "video-worker": {
      "version": "1.1.5",
      "resolved": "https://registry.npmjs.org/video-worker/-/video-worker-1.1.5.tgz",
      "integrity": "sha512-8hV9p4JG42WP+u5TB08yJ9zjhI+P/GyvuVnH0VzsAb8Bq0HCY9VJVmZODIN38gIPcVaVmvUEnaTGeYReljeAKA==",
      "requires": {
        "global": "^4.3.2"
      }
    }
  }
}
